// !$*UTF8*$!
{
	archiveVersion = 1;
	classes = {
	};
	objectVersion = 50;
	objects = {

/* Begin PBXBuildFile section */
		1981679F24F2339B003CC692 /* AppDelegate.swift in Sources */ = {isa = PBXBuildFile; fileRef = 1981679E24F2339B003CC692 /* AppDelegate.swift */; };
		198167A124F2339B003CC692 /* SceneDelegate.swift in Sources */ = {isa = PBXBuildFile; fileRef = 198167A024F2339B003CC692 /* SceneDelegate.swift */; };
		198167A324F2339B003CC692 /* ContentView.swift in Sources */ = {isa = PBXBuildFile; fileRef = 198167A224F2339B003CC692 /* ContentView.swift */; };
		198167A524F2339C003CC692 /* Assets.xcassets in Resources */ = {isa = PBXBuildFile; fileRef = 198167A424F2339C003CC692 /* Assets.xcassets */; };
		198167A824F2339C003CC692 /* Preview Assets.xcassets in Resources */ = {isa = PBXBuildFile; fileRef = 198167A724F2339C003CC692 /* Preview Assets.xcassets */; };
		198167AB24F2339C003CC692 /* LaunchScreen.storyboard in Resources */ = {isa = PBXBuildFile; fileRef = 198167A924F2339C003CC692 /* LaunchScreen.storyboard */; };
		198167B624F2339C003CC692 /* Study_SwiftUiTests.swift in Sources */ = {isa = PBXBuildFile; fileRef = 198167B524F2339C003CC692 /* Study_SwiftUiTests.swift */; };
/* End PBXBuildFile section */

/* Begin PBXContainerItemProxy section */
		198167B224F2339C003CC692 /* PBXContainerItemProxy */ = {
			isa = PBXContainerItemProxy;
			containerPortal = 1981679324F2339B003CC692 /* Project object */;
			proxyType = 1;
			remoteGlobalIDString = 1981679A24F2339B003CC692;
			remoteInfo = "Study-SwiftUi";
		};
/* End PBXContainerItemProxy section */

/* Begin PBXFileReference section */
		1981679B24F2339B003CC692 /* Study-SwiftUi.app */ = {isa = PBXFileReference; explicitFileType = wrapper.application; includeInIndex = 0; path = "Study-SwiftUi.app"; sourceTree = BUILT_PRODUCTS_DIR; };
		1981679E24F2339B003CC692 /* AppDelegate.swift */ = {isa = PBXFileReference; lastKnownFileType = sourcecode.swift; path = AppDelegate.swift; sourceTree = "<group>"; };
		198167A024F2339B003CC692 /* SceneDelegate.swift */ = {isa = PBXFileReference; lastKnownFileType = sourcecode.swift; path = SceneDelegate.swift; sourceTree = "<group>"; };
		198167A224F2339B003CC692 /* ContentView.swift */ = {isa = PBXFileReference; lastKnownFileType = sourcecode.swift; path = ContentView.swift; sourceTree = "<group>"; };
		198167A424F2339C003CC692 /* Assets.xcassets */ = {isa = PBXFileReference; lastKnownFileType = folder.assetcatalog; path = Assets.xcassets; sourceTree = "<group>"; };
		198167A724F2339C003CC692 /* Preview Assets.xcassets */ = {isa = PBXFileReference; lastKnownFileType = folder.assetcatalog; path = "Preview Assets.xcassets"; sourceTree = "<group>"; };
		198167AA24F2339C003CC692 /* Base */ = {isa = PBXFileReference; lastKnownFileType = file.storyboard; name = Base; path = Base.lproj/LaunchScreen.storyboard; sourceTree = "<group>"; };
		198167AC24F2339C003CC692 /* Info.plist */ = {isa = PBXFileReference; lastKnownFileType = text.plist.xml; path = Info.plist; sourceTree = "<group>"; };
		198167B124F2339C003CC692 /* Study-SwiftUiTests.xctest */ = {isa = PBXFileReference; explicitFileType = wrapper.cfbundle; includeInIndex = 0; path = "Study-SwiftUiTests.xctest"; sourceTree = BUILT_PRODUCTS_DIR; };
		198167B524F2339C003CC692 /* Study_SwiftUiTests.swift */ = {isa = PBXFileReference; lastKnownFileType = sourcecode.swift; path = Study_SwiftUiTests.swift; sourceTree = "<group>"; };
		198167B724F2339C003CC692 /* Info.plist */ = {isa = PBXFileReference; lastKnownFileType = text.plist.xml; path = Info.plist; sourceTree = "<group>"; };
/* End PBXFileReference section */

/* Begin PBXFrameworksBuildPhase section */
		1981679824F2339B003CC692 /* Frameworks */ = {
			isa = PBXFrameworksBuildPhase;
			buildActionMask = 2147483647;
			files = (
			);
			runOnlyForDeploymentPostprocessing = 0;
		};
		198167AE24F2339C003CC692 /* Frameworks */ = {
			isa = PBXFrameworksBuildPhase;
			buildActionMask = 2147483647;
			files = (
			);
			runOnlyForDeploymentPostprocessing = 0;
		};
/* End PBXFrameworksBuildPhase section */

/* Begin PBXGroup section */
		1981679224F2339B003CC692 = {
			isa = PBXGroup;
			children = (
				1981679D24F2339B003CC692 /* Study-SwiftUi */,
				198167B424F2339C003CC692 /* Study-SwiftUiTests */,
				1981679C24F2339B003CC692 /* Products */,
			);
			sourceTree = "<group>";
		};
		1981679C24F2339B003CC692 /* Products */ = {
			isa = PBXGroup;
			children = (
				1981679B24F2339B003CC692 /* Study-SwiftUi.app */,
				198167B124F2339C003CC692 /* Study-SwiftUiTests.xctest */,
			);
			name = Products;
			sourceTree = "<group>";
		};
		1981679D24F2339B003CC692 /* Study-SwiftUi */ = {
			isa = PBXGroup;
			children = (
				1981679E24F2339B003CC692 /* AppDelegate.swift */,
				198167A024F2339B003CC692 /* SceneDelegate.swift */,
				198167A224F2339B003CC692 /* ContentView.swift */,
				198167A424F2339C003CC692 /* Assets.xcassets */,
				198167A924F2339C003CC692 /* LaunchScreen.storyboard */,
				198167AC24F2339C003CC692 /* Info.plist */,
				198167A624F2339C003CC692 /* Preview Content */,
			);
			path = "Study-SwiftUi";
			sourceTree = "<group>";
		};
		198167A624F2339C003CC692 /* Preview Content */ = {
			isa = PBXGroup;
			children = (
				198167A724F2339C003CC692 /* Preview Assets.xcassets */,
			);
			path = "Preview Content";
			sourceTree = "<group>";
		};
		198167B424F2339C003CC692 /* Study-SwiftUiTests */ = {
			isa = PBXGroup;
			children = (
				198167B524F2339C003CC692 /* Study_SwiftUiTests.swift */,
				198167B724F2339C003CC692 /* Info.plist */,
			);
			path = "Study-SwiftUiTests";
			sourceTree = "<group>";
		};
/* End PBXGroup section */

/* Begin PBXNativeTarget section */
		1981679A24F2339B003CC692 /* Study-SwiftUi */ = {
			isa = PBXNativeTarget;
			buildConfigurationList = 198167BA24F2339C003CC692 /* Build configuration list for PBXNativeTarget "Study-SwiftUi" */;
			buildPhases = (
				1981679724F2339B003CC692 /* Sources */,
				1981679824F2339B003CC692 /* Frameworks */,
				1981679924F2339B003CC692 /* Resources */,
			);
			buildRules = (
			);
			dependencies = (
			);
			name = "Study-SwiftUi";
			productName = "Study-SwiftUi";
			productReference = 1981679B24F2339B003CC692 /* Study-SwiftUi.app */;
			productType = "com.apple.product-type.application";
		};
		198167B024F2339C003CC692 /* Study-SwiftUiTests */ = {
			isa = PBXNativeTarget;
			buildConfigurationList = 198167BD24F2339C003CC692 /* Build configuration list for PBXNativeTarget "Study-SwiftUiTests" */;
			buildPhases = (
				198167AD24F2339C003CC692 /* Sources */,
				198167AE24F2339C003CC692 /* Frameworks */,
				198167AF24F2339C003CC692 /* Resources */,
			);
			buildRules = (
			);
			dependencies = (
				198167B324F2339C003CC692 /* PBXTargetDependency */,
			);
			name = "Study-SwiftUiTests";
			productName = "Study-SwiftUiTests";
			productReference = 198167B124F2339C003CC692 /* Study-SwiftUiTests.xctest */;
			productType = "com.apple.product-type.bundle.unit-test";
		};
/* End PBXNativeTarget section */

/* Begin PBXProject section */
		1981679324F2339B003CC692 /* Project object */ = {
			isa = PBXProject;
			attributes = {
				LastSwiftUpdateCheck = 1150;
				LastUpgradeCheck = 1150;
				ORGANIZATIONNAME = "Takayuki Sei";
				TargetAttributes = {
					1981679A24F2339B003CC692 = {
						CreatedOnToolsVersion = 11.5;
					};
					198167B024F2339C003CC692 = {
						CreatedOnToolsVersion = 11.5;
						TestTargetID = 1981679A24F2339B003CC692;
					};
				};
			};
			buildConfigurationList = 1981679624F2339B003CC692 /* Build configuration list for PBXProject "Study-SwiftUi" */;
			compatibilityVersion = "Xcode 9.3";
			developmentRegion = en;
			hasScannedForEncodings = 0;
			knownRegions = (
				en,
				Base,
			);
			mainGroup = 1981679224F2339B003CC692;
			productRefGroup = 1981679C24F2339B003CC692 /* Products */;
			projectDirPath = "";
			projectRoot = "";
			targets = (
				1981679A24F2339B003CC692 /* Study-SwiftUi */,
				198167B024F2339C003CC692 /* Study-SwiftUiTests */,
			);
		};
/* End PBXProject section */

/* Begin PBXResourcesBuildPhase section */
		1981679924F2339B003CC692 /* Resources */ = {
			isa = PBXResourcesBuildPhase;
			buildActionMask = 2147483647;
			files = (
				198167AB24F2339C003CC692 /* LaunchScreen.storyboard in Resources */,
				198167A824F2339C003CC692 /* Preview Assets.xcassets in Resources */,
				198167A524F2339C003CC692 /* Assets.xcassets in Resources */,
			);
			runOnlyForDeploymentPostprocessing = 0;
		};
		198167AF24F2339C003CC692 /* Resources */ = {
			isa = PBXResourcesBuildPhase;
			buildActionMask = 2147483647;
			files = (
			);
			runOnlyForDeploymentPostprocessing = 0;
		};
/* End PBXResourcesBuildPhase section */

/* Begin PBXSourcesBuildPhase section */
		1981679724F2339B003CC692 /* Sources */ = {
			isa = PBXSourcesBuildPhase;
			buildActionMask = 2147483647;
			files = (
				1981679F24F2339B003CC692 /* AppDelegate.swift in Sources */,
				198167A124F2339B003CC692 /* SceneDelegate.swift in Sources */,
				198167A324F2339B003CC692 /* ContentView.swift in Sources */,
			);
			runOnlyForDeploymentPostprocessing = 0;
		};
		198167AD24F2339C003CC692 /* Sources */ = {
			isa = PBXSourcesBuildPhase;
			buildActionMask = 2147483647;
			files = (
				198167B624F2339C003CC692 /* Study_SwiftUiTests.swift in Sources */,
			);
			runOnlyForDeploymentPostprocessing = 0;
		};
/* End PBXSourcesBuildPhase section */

/* Begin PBXTargetDependency section */
		198167B324F2339C003CC692 /* PBXTargetDependency */ = {
			isa = PBXTargetDependency;
			target = 1981679A24F2339B003CC692 /* Study-SwiftUi */;
			targetProxy = 198167B224F2339C003CC692 /* PBXContainerItemProxy */;
		};
/* End PBXTargetDependency section */

/* Begin PBXVariantGroup section */
		198167A924F2339C003CC692 /* LaunchScreen.storyboard */ = {
			isa = PBXVariantGroup;
			children = (
				198167AA24F2339C003CC692 /* Base */,
			);
			name = LaunchScreen.storyboard;
			sourceTree = "<group>";
		};
/* End PBXVariantGroup section */

/* Begin XCBuildConfiguration section */
		198167B824F2339C003CC692 /* Debug */ = {
			isa = XCBuildConfiguration;
			buildSettings = {
				ALWAYS_SEARCH_USER_PATHS = NO;
				CLANG_ANALYZER_NONNULL = YES;
				CLANG_ANALYZER_NUMBER_OBJECT_CONVERSION = YES_AGGRESSIVE;
				CLANG_CXX_LANGUAGE_STANDARD = "gnu++14";
				CLANG_CXX_LIBRARY = "libc++";
				CLANG_ENABLE_MODULES = YES;
				CLANG_ENABLE_OBJC_ARC = YES;
				CLANG_ENABLE_OBJC_WEAK = YES;
				CLANG_WARN_BLOCK_CAPTURE_AUTORELEASING = YES;
				CLANG_WARN_BOOL_CONVERSION = YES;
				CLANG_WARN_COMMA = YES;
				CLANG_WARN_CONSTANT_CONVERSION = YES;
				CLANG_WARN_DEPRECATED_OBJC_IMPLEMENTATIONS = YES;
				CLANG_WARN_DIRECT_OBJC_ISA_USAGE = YES_ERROR;
				CLANG_WARN_DOCUMENTATION_COMMENTS = YES;
				CLANG_WARN_EMPTY_BODY = YES;
				CLANG_WARN_ENUM_CONVERSION = YES;
				CLANG_WARN_INFINITE_RECURSION = YES;
				CLANG_WARN_INT_CONVERSION = YES;
				CLANG_WARN_NON_LITERAL_NULL_CONVERSION = YES;
				CLANG_WARN_OBJC_IMPLICIT_RETAIN_SELF = YES;
				CLANG_WARN_OBJC_LITERAL_CONVERSION = YES;
				CLANG_WARN_OBJC_ROOT_CLASS = YES_ERROR;
				CLANG_WARN_RANGE_LOOP_ANALYSIS = YES;
				CLANG_WARN_STRICT_PROTOTYPES = YES;
				CLANG_WARN_SUSPICIOUS_MOVE = YES;
				CLANG_WARN_UNGUARDED_AVAILABILITY = YES_AGGRESSIVE;
				CLANG_WARN_UNREACHABLE_CODE = YES;
				CLANG_WARN__DUPLICATE_METHOD_MATCH = YES;
				COPY_PHASE_STRIP = NO;
				DEBUG_INFORMATION_FORMAT = dwarf;
				ENABLE_STRICT_OBJC_MSGSEND = YES;
				ENABLE_TESTABILITY = YES;
				GCC_C_LANGUAGE_STANDARD = gnu11;
				GCC_DYNAMIC_NO_PIC = NO;
				GCC_NO_COMMON_BLOCKS = YES;
				GCC_OPTIMIZATION_LEVEL = 0;
				GCC_PREPROCESSOR_DEFINITIONS = (
					"DEBUG=1",
					"$(inherited)",
				);
				GCC_WARN_64_TO_32_BIT_CONVERSION = YES;
				GCC_WARN_ABOUT_RETURN_TYPE = YES_ERROR;
				GCC_WARN_UNDECLARED_SELECTOR = YES;
				GCC_WARN_UNINITIALIZED_AUTOS = YES_AGGRESSIVE;
				GCC_WARN_UNUSED_FUNCTION = YES;
				GCC_WARN_UNUSED_VARIABLE = YES;
				IPHONEOS_DEPLOYMENT_TARGET = 13.5;
				MTL_ENABLE_DEBUG_INFO = INCLUDE_SOURCE;
				MTL_FAST_MATH = YES;
				ONLY_ACTIVE_ARCH = YES;
				SDKROOT = iphoneos;
				SWIFT_ACTIVE_COMPILATION_CONDITIONS = DEBUG;
				SWIFT_OPTIMIZATION_LEVEL = "-Onone";
			};
			name = Debug;
		};
		198167B924F2339C003CC692 /* Release */ = {
			isa = XCBuildConfiguration;
			buildSettings = {
				ALWAYS_SEARCH_USER_PATHS = NO;
				CLANG_ANALYZER_NONNULL = YES;
				CLANG_ANALYZER_NUMBER_OBJECT_CONVERSION = YES_AGGRESSIVE;
				CLANG_CXX_LANGUAGE_STANDARD = "gnu++14";
				CLANG_CXX_LIBRARY = "libc++";
				CLANG_ENABLE_MODULES = YES;
				CLANG_ENABLE_OBJC_ARC = YES;
				CLANG_ENABLE_OBJC_WEAK = YES;
				CLANG_WARN_BLOCK_CAPTURE_AUTORELEASING = YES;
				CLANG_WARN_BOOL_CONVERSION = YES;
				CLANG_WARN_COMMA = YES;
				CLANG_WARN_CONSTANT_CONVERSION = YES;
				CLANG_WARN_DEPRECATED_OBJC_IMPLEMENTATIONS = YES;
				CLANG_WARN_DIRECT_OBJC_ISA_USAGE = YES_ERROR;
				CLANG_WARN_DOCUMENTATION_COMMENTS = YES;
				CLANG_WARN_EMPTY_BODY = YES;
				CLANG_WARN_ENUM_CONVERSION = YES;
				CLANG_WARN_INFINITE_RECURSION = YES;
				CLANG_WARN_INT_CONVERSION = YES;
				CLANG_WARN_NON_LITERAL_NULL_CONVERSION = YES;
				CLANG_WARN_OBJC_IMPLICIT_RETAIN_SELF = YES;
				CLANG_WARN_OBJC_LITERAL_CONVERSION = YES;
				CLANG_WARN_OBJC_ROOT_CLASS = YES_ERROR;
				CLANG_WARN_RANGE_LOOP_ANALYSIS = YES;
				CLANG_WARN_STRICT_PROTOTYPES = YES;
				CLANG_WARN_SUSPICIOUS_MOVE = YES;
				CLANG_WARN_UNGUARDED_AVAILABILITY = YES_AGGRESSIVE;
				CLANG_WARN_UNREACHABLE_CODE = YES;
				CLANG_WARN__DUPLICATE_METHOD_MATCH = YES;
				COPY_PHASE_STRIP = NO;
				DEBUG_INFORMATION_FORMAT = "dwarf-with-dsym";
				ENABLE_NS_ASSERTIONS = NO;
				ENABLE_STRICT_OBJC_MSGSEND = YES;
				GCC_C_LANGUAGE_STANDARD = gnu11;
				GCC_NO_COMMON_BLOCKS = YES;
				GCC_WARN_64_TO_32_BIT_CONVERSION = YES;
				GCC_WARN_ABOUT_RETURN_TYPE = YES_ERROR;
				GCC_WARN_UNDECLARED_SELECTOR = YES;
				GCC_WARN_UNINITIALIZED_AUTOS = YES_AGGRESSIVE;
				GCC_WARN_UNUSED_FUNCTION = YES;
				GCC_WARN_UNUSED_VARIABLE = YES;
				IPHONEOS_DEPLOYMENT_TARGET = 13.5;
				MTL_ENABLE_DEBUG_INFO = NO;
				MTL_FAST_MATH = YES;
				SDKROOT = iphoneos;
				SWIFT_COMPILATION_MODE = wholemodule;
				SWIFT_OPTIMIZATION_LEVEL = "-O";
				VALIDATE_PRODUCT = YES;
			};
			name = Release;
		};
		198167BB24F2339C003CC692 /* Debug */ = {
			isa = XCBuildConfiguration;
			buildSettings = {
				ASSETCATALOG_COMPILER_APPICON_NAME = AppIcon;
				CODE_SIGN_STYLE = Automatic;
				DEVELOPMENT_ASSET_PATHS = "\"Study-SwiftUi/Preview Content\"";
				DEVELOPMENT_TEAM = FRJG63497R;
				ENABLE_PREVIEWS = YES;
				INFOPLIST_FILE = "Study-SwiftUi/Info.plist";
				LD_RUNPATH_SEARCH_PATHS = (
					"$(inherited)",
					"@executable_path/Frameworks",
				);
				PRODUCT_BUNDLE_IDENTIFIER = "net.daybysay.Study-SwiftUi";
				PRODUCT_NAME = "$(TARGET_NAME)";
				SWIFT_VERSION = 5.0;
				TARGETED_DEVICE_FAMILY = "1,2";
			};
			name = Debug;
		};
		198167BC24F2339C003CC692 /* Release */ = {
			isa = XCBuildConfiguration;
			buildSettings = {
				ASSETCATALOG_COMPILER_APPICON_NAME = AppIcon;
				CODE_SIGN_STYLE = Automatic;
				DEVELOPMENT_ASSET_PATHS = "\"Study-SwiftUi/Preview Content\"";
				DEVELOPMENT_TEAM = FRJG63497R;
				ENABLE_PREVIEWS = YES;
				INFOPLIST_FILE = "Study-SwiftUi/Info.plist";
				LD_RUNPATH_SEARCH_PATHS = (
					"$(inherited)",
					"@executable_path/Frameworks",
				);
				PRODUCT_BUNDLE_IDENTIFIER = "net.daybysay.Study-SwiftUi";
				PRODUCT_NAME = "$(TARGET_NAME)";
				SWIFT_VERSION = 5.0;
				TARGETED_DEVICE_FAMILY = "1,2";
			};
			name = Release;
		};
		198167BE24F2339C003CC692 /* Debug */ = {
			isa = XCBuildConfiguration;
			buildSettings = {
				ALWAYS_EMBED_SWIFT_STANDARD_LIBRARIES = YES;
				BUNDLE_LOADER = "$(TEST_HOST)";
				CODE_SIGN_STYLE = Automatic;
				DEVELOPMENT_TEAM = FRJG63497R;
				INFOPLIST_FILE = "Study-SwiftUiTests/Info.plist";
				IPHONEOS_DEPLOYMENT_TARGET = 13.5;
				LD_RUNPATH_SEARCH_PATHS = (
					"$(inherited)",
					"@executable_path/Frameworks",
					"@loader_path/Frameworks",
				);
				PRODUCT_BUNDLE_IDENTIFIER = "net.daybysay.Study-SwiftUiTests";
				PRODUCT_NAME = "$(TARGET_NAME)";
				SWIFT_VERSION = 5.0;
				TARGETED_DEVICE_FAMILY = "1,2";
				TEST_HOST = "$(BUILT_PRODUCTS_DIR)/Study-SwiftUi.app/Study-SwiftUi";
			};
			name = Debug;
		};
		198167BF24F2339C003CC692 /* Release */ = {
			isa = XCBuildConfiguration;
			buildSettings = {
				ALWAYS_EMBED_SWIFT_STANDARD_LIBRARIES = YES;
				BUNDLE_LOADER = "$(TEST_HOST)";
				CODE_SIGN_STYLE = Automatic;
				DEVELOPMENT_TEAM = FRJG63497R;
				INFOPLIST_FILE = "Study-SwiftUiTests/Info.plist";
				IPHONEOS_DEPLOYMENT_TARGET = 13.5;
				LD_RUNPATH_SEARCH_PATHS = (
					"$(inherited)",
					"@executable_path/Frameworks",
					"@loader_path/Frameworks",
				);
				PRODUCT_BUNDLE_IDENTIFIER = "net.daybysay.Study-SwiftUiTests";
				PRODUCT_NAME = "$(TARGET_NAME)";
				SWIFT_VERSION = 5.0;
				TARGETED_DEVICE_FAMILY = "1,2";
				TEST_HOST = "$(BUILT_PRODUCTS_DIR)/Study-SwiftUi.app/Study-SwiftUi";
			};
			name = Release;
		};
/* End XCBuildConfiguration section */

/* Begin XCConfigurationList section */
		1981679624F2339B003CC692 /* Build configuration list for PBXProject "Study-SwiftUi" */ = {
			isa = XCConfigurationList;
			buildConfigurations = (
				198167B824F2339C003CC692 /* Debug */,
				198167B924F2339C003CC692 /* Release */,
			);
			defaultConfigurationIsVisible = 0;
			defaultConfigurationName = Release;
		};
		198167BA24F2339C003CC692 /* Build configuration list for PBXNativeTarget "Study-SwiftUi" */ = {
			isa = XCConfigurationList;
			buildConfigurations = (
				198167BB24F2339C003CC692 /* Debug */,
				198167BC24F2339C003CC692 /* Release */,
			);
			defaultConfigurationIsVisible = 0;
			defaultConfigurationName = Release;
		};
		198167BD24F2339C003CC692 /* Build configuration list for PBXNativeTarget "Study-SwiftUiTests" */ = {
			isa = XCConfigurationList;
			buildConfigurations = (
				198167BE24F2339C003CC692 /* Debug */,
				198167BF24F2339C003CC692 /* Release */,
			);
			defaultConfigurationIsVisible = 0;
			defaultConfigurationName = Release;
		};
/* End XCConfigurationList section */
	};
	rootObject = 1981679324F2339B003CC692 /* Project object */;
}
